
Microsoft Visual Studio Solution File, Format Version 12.00
# Visual Studio Version 16
VisualStudioVersion = 16.0.34301.259
MinimumVisualStudioVersion = 10.0.40219.1
Project("{FAE04EC0-301F-11D3-BF4B-00C04F79EFBC}") = "APIJWTDotNet", "APIJWTDotNet\APIJWTDotNet.csproj", "{F9D5D42C-F168-4C82-8478-4D4948FA8299}"
EndProject
Global
	GlobalSection(SolutionConfigurationPlatforms) = preSolution
		Debug|Any CPU = Debug|Any CPU
		Release|Any CPU = Release|Any CPU
	EndGlobalSection
	GlobalSection(ProjectConfigurationPlatforms) = postSolution
		{F9D5D42C-F168-4C82-8478-4D4948FA8299}.Debug|Any CPU.ActiveCfg = Debug|Any CPU
		{F9D5D42C-F168-4C82-8478-4D4948FA8299}.Debug|Any CPU.Build.0 = Debug|Any CPU
		{F9D5D42C-F168-4C82-8478-4D4948FA8299}.Release|Any CPU.ActiveCfg = Release|Any CPU
		{F9D5D42C-F168-4C82-8478-4D4948FA8299}.Release|Any CPU.Build.0 = Release|Any CPU
	EndGlobalSection
	GlobalSection(SolutionProperties) = preSolution
		HideSolutionNode = FALSE
	EndGlobalSection
	GlobalSection(ExtensibilityGlobals) = postSolution
		SolutionGuid = {7D4B60DE-46A7-4130-987D-D2AD603F579F}
	EndGlobalSection
EndGlobal
